
Microsoft Visual Studio Solution File, Format Version 12.00
# Visual Studio Version 16
VisualStudioVersion = 16.0.29806.167
MinimumVisualStudioVersion = 10.0.40219.1
Project("{FAE04EC0-301F-11D3-BF4B-00C04F79EFBC}") = "Homework15", "Homework15.csproj", "{071E8D53-2564-4594-AB14-F1C725D48CB4}"
EndProject
Global
	GlobalSection(SolutionConfigurationPlatforms) = preSolution
		Debug|Any CPU = Debug|Any CPU
		Release|Any CPU = Release|Any CPU
	EndGlobalSection
	GlobalSection(ProjectConfigurationPlatforms) = postSolution
		{071E8D53-2564-4594-AB14-F1C725D48CB4}.Debug|Any CPU.ActiveCfg = Debug|Any CPU
		{071E8D53-2564-4594-AB14-F1C725D48CB4}.Debug|Any CPU.Build.0 = Debug|Any CPU
		{071E8D53-2564-4594-AB14-F1C725D48CB4}.Release|Any CPU.ActiveCfg = Release|Any CPU
		{071E8D53-2564-4594-AB14-F1C725D48CB4}.Release|Any CPU.Build.0 = Release|Any CPU
	EndGlobalSection
	GlobalSection(SolutionProperties) = preSolution
		HideSolutionNode = FALSE
	EndGlobalSection
	GlobalSection(ExtensibilityGlobals) = postSolution
		SolutionGuid = {E1D0C668-F7AB-44C6-8DA9-65990A6A90D1}
	EndGlobalSection
EndGlobal
